
Microsoft Visual Studio Solution File, Format Version 12.00
# Visual Studio Version 16
VisualStudioVersion = 16.0.29503.13
MinimumVisualStudioVersion = 10.0.40219.1
Project("{FAE04EC0-301F-11D3-BF4B-00C04F79EFBC}") = "ImageResizer.Plugins.AutoCrop", "src\ImageResizer.Plugins.AutoCrop\ImageResizer.Plugins.AutoCrop.csproj", "{4772750F-A0C0-4554-BE3B-EC326B862D62}"
EndProject
Project("{FAE04EC0-301F-11D3-BF4B-00C04F79EFBC}") = "ImageResizer.Plugins.AutoCrop.Automator", "src\ImageResizer.Plugins.AutoCrop.Automator\ImageResizer.Plugins.AutoCrop.Automator.csproj", "{C30AB187-A58A-4668-9F46-04C659FFCF7D}"
EndProject
Project("{FAE04EC0-301F-11D3-BF4B-00C04F79EFBC}") = "ImageResizer.Plugins.MozJpeg", "src\ImageResizer.Plugins.MozJpeg\ImageResizer.Plugins.MozJpeg.csproj", "{F73FE33D-6DC3-4FC1-90A9-3AB5E3DC86A5}"
EndProject
Global
	GlobalSection(SolutionConfigurationPlatforms) = preSolution
		Debug|Any CPU = Debug|Any CPU
		Release|Any CPU = Release|Any CPU
	EndGlobalSection
	GlobalSection(ProjectConfigurationPlatforms) = postSolution
		{4772750F-A0C0-4554-BE3B-EC326B862D62}.Debug|Any CPU.ActiveCfg = Debug|Any CPU
		{4772750F-A0C0-4554-BE3B-EC326B862D62}.Debug|Any CPU.Build.0 = Debug|Any CPU
		{4772750F-A0C0-4554-BE3B-EC326B862D62}.Release|Any CPU.ActiveCfg = Release|Any CPU
		{4772750F-A0C0-4554-BE3B-EC326B862D62}.Release|Any CPU.Build.0 = Release|Any CPU
		{C30AB187-A58A-4668-9F46-04C659FFCF7D}.Debug|Any CPU.ActiveCfg = Debug|Any CPU
		{C30AB187-A58A-4668-9F46-04C659FFCF7D}.Debug|Any CPU.Build.0 = Debug|Any CPU
		{C30AB187-A58A-4668-9F46-04C659FFCF7D}.Release|Any CPU.ActiveCfg = Release|Any CPU
		{C30AB187-A58A-4668-9F46-04C659FFCF7D}.Release|Any CPU.Build.0 = Release|Any CPU
		{F73FE33D-6DC3-4FC1-90A9-3AB5E3DC86A5}.Debug|Any CPU.ActiveCfg = Debug|Any CPU
		{F73FE33D-6DC3-4FC1-90A9-3AB5E3DC86A5}.Debug|Any CPU.Build.0 = Debug|Any CPU
		{F73FE33D-6DC3-4FC1-90A9-3AB5E3DC86A5}.Release|Any CPU.ActiveCfg = Release|Any CPU
		{F73FE33D-6DC3-4FC1-90A9-3AB5E3DC86A5}.Release|Any CPU.Build.0 = Release|Any CPU
	EndGlobalSection
	GlobalSection(SolutionProperties) = preSolution
		HideSolutionNode = FALSE
	EndGlobalSection
	GlobalSection(ExtensibilityGlobals) = postSolution
		SolutionGuid = {82290D04-D4FA-47C0-A61B-23B5CFADF513}
	EndGlobalSection
EndGlobal
