
Microsoft Visual Studio Solution File, Format Version 12.00
# Visual Studio Version 16
VisualStudioVersion = 16.0.29503.13
MinimumVisualStudioVersion = 10.0.40219.1
Project("{FAE04EC0-301F-11D3-BF4B-00C04F79EFBC}") = "AutoCrop.Core", "src\AutoCrop.Core\AutoCrop.Core.csproj", "{395E53B2-9E64-4556-B253-E9FEA196DFFB}"
EndProject
Project("{FAE04EC0-301F-11D3-BF4B-00C04F79EFBC}") = "ImageResizer.Plugins.AutoCrop", "src\ImageResizer.Plugins.AutoCrop\ImageResizer.Plugins.AutoCrop.csproj", "{4772750F-A0C0-4554-BE3B-EC326B862D62}"
EndProject
Project("{FAE04EC0-301F-11D3-BF4B-00C04F79EFBC}") = "ImageResizer.Plugins.AutoPad", "src\ImageResizer.Plugins.AutoPad\ImageResizer.Plugins.AutoPad.csproj", "{C49953E0-0C29-4DF1-8A9F-E556F31D3AAC}"
EndProject
Project("{FAE04EC0-301F-11D3-BF4B-00C04F79EFBC}") = "ImageResizer.Web.AutoCrop", "src\ImageResizer.Web.AutoCrop\ImageResizer.Web.AutoCrop.csproj", "{1732F317-B187-410B-886A-1F4533050033}"
EndProject
Global
	GlobalSection(SolutionConfigurationPlatforms) = preSolution
		Debug|Any CPU = Debug|Any CPU
		Release|Any CPU = Release|Any CPU
	EndGlobalSection
	GlobalSection(ProjectConfigurationPlatforms) = postSolution
		{4772750F-A0C0-4554-BE3B-EC326B862D62}.Debug|Any CPU.ActiveCfg = Debug|Any CPU
		{4772750F-A0C0-4554-BE3B-EC326B862D62}.Debug|Any CPU.Build.0 = Debug|Any CPU
		{4772750F-A0C0-4554-BE3B-EC326B862D62}.Release|Any CPU.ActiveCfg = Release|Any CPU
		{4772750F-A0C0-4554-BE3B-EC326B862D62}.Release|Any CPU.Build.0 = Release|Any CPU
		{1732F317-B187-410B-886A-1F4533050033}.Debug|Any CPU.ActiveCfg = Debug|Any CPU
		{1732F317-B187-410B-886A-1F4533050033}.Debug|Any CPU.Build.0 = Debug|Any CPU
		{1732F317-B187-410B-886A-1F4533050033}.Release|Any CPU.ActiveCfg = Release|Any CPU
		{1732F317-B187-410B-886A-1F4533050033}.Release|Any CPU.Build.0 = Release|Any CPU
		{395E53B2-9E64-4556-B253-E9FEA196DFFB}.Debug|Any CPU.ActiveCfg = Debug|Any CPU
		{395E53B2-9E64-4556-B253-E9FEA196DFFB}.Debug|Any CPU.Build.0 = Debug|Any CPU
		{395E53B2-9E64-4556-B253-E9FEA196DFFB}.Release|Any CPU.ActiveCfg = Release|Any CPU
		{395E53B2-9E64-4556-B253-E9FEA196DFFB}.Release|Any CPU.Build.0 = Release|Any CPU
		{C49953E0-0C29-4DF1-8A9F-E556F31D3AAC}.Debug|Any CPU.ActiveCfg = Debug|Any CPU
		{C49953E0-0C29-4DF1-8A9F-E556F31D3AAC}.Debug|Any CPU.Build.0 = Debug|Any CPU
		{C49953E0-0C29-4DF1-8A9F-E556F31D3AAC}.Release|Any CPU.ActiveCfg = Release|Any CPU
		{C49953E0-0C29-4DF1-8A9F-E556F31D3AAC}.Release|Any CPU.Build.0 = Release|Any CPU
	EndGlobalSection
	GlobalSection(SolutionProperties) = preSolution
		HideSolutionNode = FALSE
	EndGlobalSection
	GlobalSection(ExtensibilityGlobals) = postSolution
		SolutionGuid = {82290D04-D4FA-47C0-A61B-23B5CFADF513}
	EndGlobalSection
EndGlobal
